// !$*UTF8*$!
{
	archiveVersion = 1;
	classes = {
	};
	objectVersion = 56;
	objects = {

/* Begin PBXBuildFile section */
		D8034335296C80550006B0F4 /* Episode.swift in Sources */ = {isa = PBXBuildFile; fileRef = D8034334296C80550006B0F4 /* Episode.swift */; };
		D8034338296C81C80006B0F4 /* EpisodeCell.swift in Sources */ = {isa = PBXBuildFile; fileRef = D8034336296C81C80006B0F4 /* EpisodeCell.swift */; };
		D8034339296C81C80006B0F4 /* EpisodeCell.xib in Resources */ = {isa = PBXBuildFile; fileRef = D8034337296C81C80006B0F4 /* EpisodeCell.xib */; };
		D80BBB3A297D6E860068EA59 /* UserDefaults.swift in Sources */ = {isa = PBXBuildFile; fileRef = D80BBB39297D6E860068EA59 /* UserDefaults.swift */; };
		D8400F41296D8FD500CB8722 /* String.swift in Sources */ = {isa = PBXBuildFile; fileRef = D8400F40296D8FD500CB8722 /* String.swift */; };
		D8400F43296D924C00CB8722 /* RSSFeed.swift in Sources */ = {isa = PBXBuildFile; fileRef = D8400F42296D924C00CB8722 /* RSSFeed.swift */; };
		D8400F45296DD99000CB8722 /* PlayerDetailsView.xib in Resources */ = {isa = PBXBuildFile; fileRef = D8400F44296DD99000CB8722 /* PlayerDetailsView.xib */; };
		D8400F47296DDE3700CB8722 /* PlayerDetailsView.swift in Sources */ = {isa = PBXBuildFile; fileRef = D8400F46296DDE3700CB8722 /* PlayerDetailsView.swift */; };
		D850757A29671FD3000193CA /* PodcastCell.xib in Resources */ = {isa = PBXBuildFile; fileRef = D850757929671FD3000193CA /* PodcastCell.xib */; };
		D850757C296725E2000193CA /* PodcastCell.swift in Sources */ = {isa = PBXBuildFile; fileRef = D850757B296725E2000193CA /* PodcastCell.swift */; };
		D855683029641E70003A3E0D /* PodcastsSearchController.swift in Sources */ = {isa = PBXBuildFile; fileRef = D855682F29641E70003A3E0D /* PodcastsSearchController.swift */; };
		D855683329641F73003A3E0D /* Podcast.swift in Sources */ = {isa = PBXBuildFile; fileRef = D855683229641F73003A3E0D /* Podcast.swift */; };
		D855683629644905003A3E0D /* Alamofire in Frameworks */ = {isa = PBXBuildFile; productRef = D855683529644905003A3E0D /* Alamofire */; };
		D855683929647CD9003A3E0D /* APIService.swift in Sources */ = {isa = PBXBuildFile; fileRef = D855683829647CD9003A3E0D /* APIService.swift */; };
		D861C48D296ABAA700486F57 /* SDWebImage in Frameworks */ = {isa = PBXBuildFile; productRef = D861C48C296ABAA700486F57 /* SDWebImage */; };
		D861C48F296AD12000486F57 /* EpisodesController.swift in Sources */ = {isa = PBXBuildFile; fileRef = D861C48E296AD12000486F57 /* EpisodesController.swift */; };
		D861C492296B05BC00486F57 /* FeedKit in Frameworks */ = {isa = PBXBuildFile; productRef = D861C491296B05BC00486F57 /* FeedKit */; };
		D8B3C6B42973003800565995 /* PodcastsSearchingView.xib in Resources */ = {isa = PBXBuildFile; fileRef = D8B3C6B32973003800565995 /* PodcastsSearchingView.xib */; };
		D8D16F352963368900B32F1D /* AppDelegate.swift in Sources */ = {isa = PBXBuildFile; fileRef = D8D16F342963368900B32F1D /* AppDelegate.swift */; };
		D8D16F372963368900B32F1D /* SceneDelegate.swift in Sources */ = {isa = PBXBuildFile; fileRef = D8D16F362963368900B32F1D /* SceneDelegate.swift */; };
		D8D16F392963368900B32F1D /* ViewController.swift in Sources */ = {isa = PBXBuildFile; fileRef = D8D16F382963368900B32F1D /* ViewController.swift */; };
		D8D16F3C2963368900B32F1D /* Main.storyboard in Resources */ = {isa = PBXBuildFile; fileRef = D8D16F3A2963368900B32F1D /* Main.storyboard */; };
		D8D16F3E2963368A00B32F1D /* Assets.xcassets in Resources */ = {isa = PBXBuildFile; fileRef = D8D16F3D2963368A00B32F1D /* Assets.xcassets */; };
		D8D16F412963368A00B32F1D /* LaunchScreen.storyboard in Resources */ = {isa = PBXBuildFile; fileRef = D8D16F3F2963368A00B32F1D /* LaunchScreen.storyboard */; };
		D8D16F49296337AE00B32F1D /* MainTabBarController.swift in Sources */ = {isa = PBXBuildFile; fileRef = D8D16F48296337AE00B32F1D /* MainTabBarController.swift */; };
		D8EF38EC29708BFD00563BDC /* CMTime.swift in Sources */ = {isa = PBXBuildFile; fileRef = D8EF38EB29708BFD00563BDC /* CMTime.swift */; };
		D8F30A2F297994500085B772 /* FavoritesController.swift in Sources */ = {isa = PBXBuildFile; fileRef = D8F30A2E297994500085B772 /* FavoritesController.swift */; };
		D8F30A312979A6E90085B772 /* FavoritePodcastCell.swift in Sources */ = {isa = PBXBuildFile; fileRef = D8F30A302979A6E90085B772 /* FavoritePodcastCell.swift */; };
		D8F3B954297E49FA00E78003 /* DownloadsController.swift in Sources */ = {isa = PBXBuildFile; fileRef = D8F3B953297E49FA00E78003 /* DownloadsController.swift */; };
/* End PBXBuildFile section */

/* Begin PBXFileReference section */
		D8034334296C80550006B0F4 /* Episode.swift */ = {isa = PBXFileReference; lastKnownFileType = sourcecode.swift; path = Episode.swift; sourceTree = "<group>"; };
		D8034336296C81C80006B0F4 /* EpisodeCell.swift */ = {isa = PBXFileReference; lastKnownFileType = sourcecode.swift; name = EpisodeCell.swift; path = Podcasts/Controllers/EpisodeCell.swift; sourceTree = SOURCE_ROOT; };
		D8034337296C81C80006B0F4 /* EpisodeCell.xib */ = {isa = PBXFileReference; lastKnownFileType = file.xib; name = EpisodeCell.xib; path = Podcasts/Controllers/EpisodeCell.xib; sourceTree = SOURCE_ROOT; };
		D80BBB39297D6E860068EA59 /* UserDefaults.swift */ = {isa = PBXFileReference; lastKnownFileType = sourcecode.swift; path = UserDefaults.swift; sourceTree = "<group>"; };
		D8400F40296D8FD500CB8722 /* String.swift */ = {isa = PBXFileReference; lastKnownFileType = sourcecode.swift; path = String.swift; sourceTree = "<group>"; };
		D8400F42296D924C00CB8722 /* RSSFeed.swift */ = {isa = PBXFileReference; lastKnownFileType = sourcecode.swift; name = RSSFeed.swift; path = Podcasts/Controllers/RSSFeed.swift; sourceTree = SOURCE_ROOT; };
		D8400F44296DD99000CB8722 /* PlayerDetailsView.xib */ = {isa = PBXFileReference; lastKnownFileType = file.xib; path = PlayerDetailsView.xib; sourceTree = "<group>"; };
		D8400F46296DDE3700CB8722 /* PlayerDetailsView.swift */ = {isa = PBXFileReference; lastKnownFileType = sourcecode.swift; path = PlayerDetailsView.swift; sourceTree = SOURCE_ROOT; };
		D850757929671FD3000193CA /* PodcastCell.xib */ = {isa = PBXFileReference; lastKnownFileType = file.xib; path = PodcastCell.xib; sourceTree = "<group>"; };
		D850757B296725E2000193CA /* PodcastCell.swift */ = {isa = PBXFileReference; lastKnownFileType = sourcecode.swift; path = PodcastCell.swift; sourceTree = "<group>"; };
		D855682F29641E70003A3E0D /* PodcastsSearchController.swift */ = {isa = PBXFileReference; lastKnownFileType = sourcecode.swift; path = PodcastsSearchController.swift; sourceTree = "<group>"; };
		D855683229641F73003A3E0D /* Podcast.swift */ = {isa = PBXFileReference; lastKnownFileType = sourcecode.swift; path = Podcast.swift; sourceTree = "<group>"; };
		D855683829647CD9003A3E0D /* APIService.swift */ = {isa = PBXFileReference; lastKnownFileType = sourcecode.swift; path = APIService.swift; sourceTree = SOURCE_ROOT; };
		D861C48E296AD12000486F57 /* EpisodesController.swift */ = {isa = PBXFileReference; lastKnownFileType = sourcecode.swift; path = EpisodesController.swift; sourceTree = SOURCE_ROOT; };
		D8B3C6B32973003800565995 /* PodcastsSearchingView.xib */ = {isa = PBXFileReference; lastKnownFileType = file.xib; path = PodcastsSearchingView.xib; sourceTree = "<group>"; };
		D8D16F312963368900B32F1D /* Podcasts.app */ = {isa = PBXFileReference; explicitFileType = wrapper.application; includeInIndex = 0; path = Podcasts.app; sourceTree = BUILT_PRODUCTS_DIR; };
		D8D16F342963368900B32F1D /* AppDelegate.swift */ = {isa = PBXFileReference; lastKnownFileType = sourcecode.swift; path = AppDelegate.swift; sourceTree = "<group>"; };
		D8D16F362963368900B32F1D /* SceneDelegate.swift */ = {isa = PBXFileReference; lastKnownFileType = sourcecode.swift; path = SceneDelegate.swift; sourceTree = "<group>"; };
		D8D16F382963368900B32F1D /* ViewController.swift */ = {isa = PBXFileReference; lastKnownFileType = sourcecode.swift; path = ViewController.swift; sourceTree = "<group>"; };
		D8D16F3B2963368900B32F1D /* Base */ = {isa = PBXFileReference; lastKnownFileType = file.storyboard; name = Base; path = Base.lproj/Main.storyboard; sourceTree = "<group>"; };
		D8D16F3D2963368A00B32F1D /* Assets.xcassets */ = {isa = PBXFileReference; lastKnownFileType = folder.assetcatalog; path = Assets.xcassets; sourceTree = "<group>"; };
		D8D16F402963368A00B32F1D /* Base */ = {isa = PBXFileReference; lastKnownFileType = file.storyboard; name = Base; path = Base.lproj/LaunchScreen.storyboard; sourceTree = "<group>"; };
		D8D16F422963368A00B32F1D /* Info.plist */ = {isa = PBXFileReference; lastKnownFileType = text.plist.xml; path = Info.plist; sourceTree = "<group>"; };
		D8D16F48296337AE00B32F1D /* MainTabBarController.swift */ = {isa = PBXFileReference; lastKnownFileType = sourcecode.swift; path = MainTabBarController.swift; sourceTree = "<group>"; };
		D8EF38EB29708BFD00563BDC /* CMTime.swift */ = {isa = PBXFileReference; lastKnownFileType = sourcecode.swift; path = CMTime.swift; sourceTree = "<group>"; };
		D8F30A2E297994500085B772 /* FavoritesController.swift */ = {isa = PBXFileReference; lastKnownFileType = sourcecode.swift; name = FavoritesController.swift; path = Podcasts/FavoritesController.swift; sourceTree = SOURCE_ROOT; };
		D8F30A302979A6E90085B772 /* FavoritePodcastCell.swift */ = {isa = PBXFileReference; lastKnownFileType = sourcecode.swift; name = FavoritePodcastCell.swift; path = Podcasts/Controllers/FavoritePodcastCell.swift; sourceTree = SOURCE_ROOT; };
		D8F3B953297E49FA00E78003 /* DownloadsController.swift */ = {isa = PBXFileReference; lastKnownFileType = sourcecode.swift; path = DownloadsController.swift; sourceTree = "<group>"; };
/* End PBXFileReference section */

/* Begin PBXFrameworksBuildPhase section */
		D8D16F2E2963368900B32F1D /* Frameworks */ = {
			isa = PBXFrameworksBuildPhase;
			buildActionMask = 2147483647;
			files = (
				D861C492296B05BC00486F57 /* FeedKit in Frameworks */,
				D861C48D296ABAA700486F57 /* SDWebImage in Frameworks */,
				D855683629644905003A3E0D /* Alamofire in Frameworks */,
			);
			runOnlyForDeploymentPostprocessing = 0;
		};
/* End PBXFrameworksBuildPhase section */

/* Begin PBXGroup section */
		D8400F3F296D8FBF00CB8722 /* Extensions */ = {
			isa = PBXGroup;
			children = (
				D8400F42296D924C00CB8722 /* RSSFeed.swift */,
				D8400F40296D8FD500CB8722 /* String.swift */,
				D8EF38EB29708BFD00563BDC /* CMTime.swift */,
				D80BBB39297D6E860068EA59 /* UserDefaults.swift */,
			);
			path = Extensions;
			sourceTree = "<group>";
		};
		D850757829671F31000193CA /* Views */ = {
			isa = PBXGroup;
			children = (
				D8F30A302979A6E90085B772 /* FavoritePodcastCell.swift */,
				D8034336296C81C80006B0F4 /* EpisodeCell.swift */,
				D8034337296C81C80006B0F4 /* EpisodeCell.xib */,
				D850757B296725E2000193CA /* PodcastCell.swift */,
				D850757929671FD3000193CA /* PodcastCell.xib */,
				D8400F46296DDE3700CB8722 /* PlayerDetailsView.swift */,
				D8400F44296DD99000CB8722 /* PlayerDetailsView.xib */,
				D8B3C6B32973003800565995 /* PodcastsSearchingView.xib */,
			);
			path = Views;
			sourceTree = "<group>";
		};
		D855682E29641E44003A3E0D /* Controllers */ = {
			isa = PBXGroup;
			children = (
				D8F30A2E297994500085B772 /* FavoritesController.swift */,
				D861C48E296AD12000486F57 /* EpisodesController.swift */,
				D8F3B953297E49FA00E78003 /* DownloadsController.swift */,
				D855682F29641E70003A3E0D /* PodcastsSearchController.swift */,
			);
			path = Controllers;
			sourceTree = "<group>";
		};
		D855683129641F4C003A3E0D /* Models */ = {
			isa = PBXGroup;
			children = (
				D855683229641F73003A3E0D /* Podcast.swift */,
				D8034334296C80550006B0F4 /* Episode.swift */,
			);
			path = Models;
			sourceTree = "<group>";
		};
		D855683729647CAD003A3E0D /* API */ = {
			isa = PBXGroup;
			children = (
				D855683829647CD9003A3E0D /* APIService.swift */,
			);
			path = API;
			sourceTree = "<group>";
		};
		D8D16F282963368800B32F1D = {
			isa = PBXGroup;
			children = (
				D8D16F332963368900B32F1D /* Podcasts */,
				D8D16F322963368900B32F1D /* Products */,
			);
			sourceTree = "<group>";
		};
		D8D16F322963368900B32F1D /* Products */ = {
			isa = PBXGroup;
			children = (
				D8D16F312963368900B32F1D /* Podcasts.app */,
			);
			name = Products;
			sourceTree = "<group>";
		};
		D8D16F332963368900B32F1D /* Podcasts */ = {
			isa = PBXGroup;
			children = (
				D8400F3F296D8FBF00CB8722 /* Extensions */,
				D855683729647CAD003A3E0D /* API */,
				D855683129641F4C003A3E0D /* Models */,
				D850757829671F31000193CA /* Views */,
				D855682E29641E44003A3E0D /* Controllers */,
				D8D16F342963368900B32F1D /* AppDelegate.swift */,
				D8D16F362963368900B32F1D /* SceneDelegate.swift */,
				D8D16F382963368900B32F1D /* ViewController.swift */,
				D8D16F48296337AE00B32F1D /* MainTabBarController.swift */,
				D8D16F3A2963368900B32F1D /* Main.storyboard */,
				D8D16F3D2963368A00B32F1D /* Assets.xcassets */,
				D8D16F3F2963368A00B32F1D /* LaunchScreen.storyboard */,
				D8D16F422963368A00B32F1D /* Info.plist */,
			);
			path = Podcasts;
			sourceTree = "<group>";
		};
/* End PBXGroup section */

/* Begin PBXNativeTarget section */
		D8D16F302963368900B32F1D /* Podcasts */ = {
			isa = PBXNativeTarget;
			buildConfigurationList = D8D16F452963368A00B32F1D /* Build configuration list for PBXNativeTarget "Podcasts" */;
			buildPhases = (
				D8D16F2D2963368900B32F1D /* Sources */,
				D8D16F2E2963368900B32F1D /* Frameworks */,
				D8D16F2F2963368900B32F1D /* Resources */,
			);
			buildRules = (
			);
			dependencies = (
			);
			name = Podcasts;
			packageProductDependencies = (
				D855683529644905003A3E0D /* Alamofire */,
				D861C48C296ABAA700486F57 /* SDWebImage */,
				D861C491296B05BC00486F57 /* FeedKit */,
			);
			productName = Podcasts;
			productReference = D8D16F312963368900B32F1D /* Podcasts.app */;
			productType = "com.apple.product-type.application";
		};
/* End PBXNativeTarget section */

/* Begin PBXProject section */
		D8D16F292963368800B32F1D /* Project object */ = {
			isa = PBXProject;
			attributes = {
				BuildIndependentTargetsInParallel = 1;
				LastSwiftUpdateCheck = 1410;
				LastUpgradeCheck = 1410;
				TargetAttributes = {
					D8D16F302963368900B32F1D = {
						CreatedOnToolsVersion = 14.1;
					};
				};
			};
			buildConfigurationList = D8D16F2C2963368800B32F1D /* Build configuration list for PBXProject "Podcasts" */;
			compatibilityVersion = "Xcode 14.0";
			developmentRegion = en;
			hasScannedForEncodings = 0;
			knownRegions = (
				en,
				Base,
			);
			mainGroup = D8D16F282963368800B32F1D;
			packageReferences = (
				D855683429644905003A3E0D /* XCRemoteSwiftPackageReference "Alamofire" */,
				D861C48B296ABAA700486F57 /* XCRemoteSwiftPackageReference "SDWebImage" */,
				D861C490296B05BC00486F57 /* XCRemoteSwiftPackageReference "FeedKit" */,
			);
			productRefGroup = D8D16F322963368900B32F1D /* Products */;
			projectDirPath = "";
			projectRoot = "";
			targets = (
				D8D16F302963368900B32F1D /* Podcasts */,
			);
		};
/* End PBXProject section */

/* Begin PBXResourcesBuildPhase section */
		D8D16F2F2963368900B32F1D /* Resources */ = {
			isa = PBXResourcesBuildPhase;
			buildActionMask = 2147483647;
			files = (
				D8400F45296DD99000CB8722 /* PlayerDetailsView.xib in Resources */,
				D8D16F412963368A00B32F1D /* LaunchScreen.storyboard in Resources */,
				D8B3C6B42973003800565995 /* PodcastsSearchingView.xib in Resources */,
				D8D16F3E2963368A00B32F1D /* Assets.xcassets in Resources */,
				D8034339296C81C80006B0F4 /* EpisodeCell.xib in Resources */,
				D850757A29671FD3000193CA /* PodcastCell.xib in Resources */,
				D8D16F3C2963368900B32F1D /* Main.storyboard in Resources */,
			);
			runOnlyForDeploymentPostprocessing = 0;
		};
/* End PBXResourcesBuildPhase section */

/* Begin PBXSourcesBuildPhase section */
		D8D16F2D2963368900B32F1D /* Sources */ = {
			isa = PBXSourcesBuildPhase;
			buildActionMask = 2147483647;
			files = (
				D8400F43296D924C00CB8722 /* RSSFeed.swift in Sources */,
				D8D16F392963368900B32F1D /* ViewController.swift in Sources */,
				D855683929647CD9003A3E0D /* APIService.swift in Sources */,
				D850757C296725E2000193CA /* PodcastCell.swift in Sources */,
				D8034338296C81C80006B0F4 /* EpisodeCell.swift in Sources */,
				D8034335296C80550006B0F4 /* Episode.swift in Sources */,
				D8400F47296DDE3700CB8722 /* PlayerDetailsView.swift in Sources */,
				D8F3B954297E49FA00E78003 /* DownloadsController.swift in Sources */,
				D8D16F352963368900B32F1D /* AppDelegate.swift in Sources */,
				D8400F41296D8FD500CB8722 /* String.swift in Sources */,
				D855683329641F73003A3E0D /* Podcast.swift in Sources */,
				D8D16F49296337AE00B32F1D /* MainTabBarController.swift in Sources */,
				D8F30A2F297994500085B772 /* FavoritesController.swift in Sources */,
				D855683029641E70003A3E0D /* PodcastsSearchController.swift in Sources */,
				D8D16F372963368900B32F1D /* SceneDelegate.swift in Sources */,
				D80BBB3A297D6E860068EA59 /* UserDefaults.swift in Sources */,
				D8EF38EC29708BFD00563BDC /* CMTime.swift in Sources */,
				D8F30A312979A6E90085B772 /* FavoritePodcastCell.swift in Sources */,
				D861C48F296AD12000486F57 /* EpisodesController.swift in Sources */,
			);
			runOnlyForDeploymentPostprocessing = 0;
		};
/* End PBXSourcesBuildPhase section */

/* Begin PBXVariantGroup section */
		D8D16F3A2963368900B32F1D /* Main.storyboard */ = {
			isa = PBXVariantGroup;
			children = (
				D8D16F3B2963368900B32F1D /* Base */,
			);
			name = Main.storyboard;
			sourceTree = "<group>";
		};
		D8D16F3F2963368A00B32F1D /* LaunchScreen.storyboard */ = {
			isa = PBXVariantGroup;
			children = (
				D8D16F402963368A00B32F1D /* Base */,
			);
			name = LaunchScreen.storyboard;
			sourceTree = "<group>";
		};
/* End PBXVariantGroup section */

/* Begin XCBuildConfiguration section */
		D8D16F432963368A00B32F1D /* Debug */ = {
			isa = XCBuildConfiguration;
			buildSettings = {
				ALWAYS_SEARCH_USER_PATHS = NO;
				CLANG_ANALYZER_NONNULL = YES;
				CLANG_ANALYZER_NUMBER_OBJECT_CONVERSION = YES_AGGRESSIVE;
				CLANG_CXX_LANGUAGE_STANDARD = "gnu++20";
				CLANG_ENABLE_MODULES = YES;
				CLANG_ENABLE_OBJC_ARC = YES;
				CLANG_ENABLE_OBJC_WEAK = YES;
				CLANG_WARN_BLOCK_CAPTURE_AUTORELEASING = YES;
				CLANG_WARN_BOOL_CONVERSION = YES;
				CLANG_WARN_COMMA = YES;
				CLANG_WARN_CONSTANT_CONVERSION = YES;
				CLANG_WARN_DEPRECATED_OBJC_IMPLEMENTATIONS = YES;
				CLANG_WARN_DIRECT_OBJC_ISA_USAGE = YES_ERROR;
				CLANG_WARN_DOCUMENTATION_COMMENTS = YES;
				CLANG_WARN_EMPTY_BODY = YES;
				CLANG_WARN_ENUM_CONVERSION = YES;
				CLANG_WARN_INFINITE_RECURSION = YES;
				CLANG_WARN_INT_CONVERSION = YES;
				CLANG_WARN_NON_LITERAL_NULL_CONVERSION = YES;
				CLANG_WARN_OBJC_IMPLICIT_RETAIN_SELF = YES;
				CLANG_WARN_OBJC_LITERAL_CONVERSION = YES;
				CLANG_WARN_OBJC_ROOT_CLASS = YES_ERROR;
				CLANG_WARN_QUOTED_INCLUDE_IN_FRAMEWORK_HEADER = YES;
				CLANG_WARN_RANGE_LOOP_ANALYSIS = YES;
				CLANG_WARN_STRICT_PROTOTYPES = YES;
				CLANG_WARN_SUSPICIOUS_MOVE = YES;
				CLANG_WARN_UNGUARDED_AVAILABILITY = YES_AGGRESSIVE;
				CLANG_WARN_UNREACHABLE_CODE = YES;
				CLANG_WARN__DUPLICATE_METHOD_MATCH = YES;
				COPY_PHASE_STRIP = NO;
				DEBUG_INFORMATION_FORMAT = dwarf;
				ENABLE_STRICT_OBJC_MSGSEND = YES;
				ENABLE_TESTABILITY = YES;
				GCC_C_LANGUAGE_STANDARD = gnu11;
				GCC_DYNAMIC_NO_PIC = NO;
				GCC_NO_COMMON_BLOCKS = YES;
				GCC_OPTIMIZATION_LEVEL = 0;
				GCC_PREPROCESSOR_DEFINITIONS = (
					"DEBUG=1",
					"$(inherited)",
				);
				GCC_WARN_64_TO_32_BIT_CONVERSION = YES;
				GCC_WARN_ABOUT_RETURN_TYPE = YES_ERROR;
				GCC_WARN_UNDECLARED_SELECTOR = YES;
				GCC_WARN_UNINITIALIZED_AUTOS = YES_AGGRESSIVE;
				GCC_WARN_UNUSED_FUNCTION = YES;
				GCC_WARN_UNUSED_VARIABLE = YES;
				IPHONEOS_DEPLOYMENT_TARGET = 16.1;
				MTL_ENABLE_DEBUG_INFO = INCLUDE_SOURCE;
				MTL_FAST_MATH = YES;
				ONLY_ACTIVE_ARCH = YES;
				SDKROOT = iphoneos;
				SWIFT_ACTIVE_COMPILATION_CONDITIONS = DEBUG;
				SWIFT_OPTIMIZATION_LEVEL = "-Onone";
			};
			name = Debug;
		};
		D8D16F442963368A00B32F1D /* Release */ = {
			isa = XCBuildConfiguration;
			buildSettings = {
				ALWAYS_SEARCH_USER_PATHS = NO;
				CLANG_ANALYZER_NONNULL = YES;
				CLANG_ANALYZER_NUMBER_OBJECT_CONVERSION = YES_AGGRESSIVE;
				CLANG_CXX_LANGUAGE_STANDARD = "gnu++20";
				CLANG_ENABLE_MODULES = YES;
				CLANG_ENABLE_OBJC_ARC = YES;
				CLANG_ENABLE_OBJC_WEAK = YES;
				CLANG_WARN_BLOCK_CAPTURE_AUTORELEASING = YES;
				CLANG_WARN_BOOL_CONVERSION = YES;
				CLANG_WARN_COMMA = YES;
				CLANG_WARN_CONSTANT_CONVERSION = YES;
				CLANG_WARN_DEPRECATED_OBJC_IMPLEMENTATIONS = YES;
				CLANG_WARN_DIRECT_OBJC_ISA_USAGE = YES_ERROR;
				CLANG_WARN_DOCUMENTATION_COMMENTS = YES;
				CLANG_WARN_EMPTY_BODY = YES;
				CLANG_WARN_ENUM_CONVERSION = YES;
				CLANG_WARN_INFINITE_RECURSION = YES;
				CLANG_WARN_INT_CONVERSION = YES;
				CLANG_WARN_NON_LITERAL_NULL_CONVERSION = YES;
				CLANG_WARN_OBJC_IMPLICIT_RETAIN_SELF = YES;
				CLANG_WARN_OBJC_LITERAL_CONVERSION = YES;
				CLANG_WARN_OBJC_ROOT_CLASS = YES_ERROR;
				CLANG_WARN_QUOTED_INCLUDE_IN_FRAMEWORK_HEADER = YES;
				CLANG_WARN_RANGE_LOOP_ANALYSIS = YES;
				CLANG_WARN_STRICT_PROTOTYPES = YES;
				CLANG_WARN_SUSPICIOUS_MOVE = YES;
				CLANG_WARN_UNGUARDED_AVAILABILITY = YES_AGGRESSIVE;
				CLANG_WARN_UNREACHABLE_CODE = YES;
				CLANG_WARN__DUPLICATE_METHOD_MATCH = YES;
				COPY_PHASE_STRIP = NO;
				DEBUG_INFORMATION_FORMAT = "dwarf-with-dsym";
				ENABLE_NS_ASSERTIONS = NO;
				ENABLE_STRICT_OBJC_MSGSEND = YES;
				GCC_C_LANGUAGE_STANDARD = gnu11;
				GCC_NO_COMMON_BLOCKS = YES;
				GCC_WARN_64_TO_32_BIT_CONVERSION = YES;
				GCC_WARN_ABOUT_RETURN_TYPE = YES_ERROR;
				GCC_WARN_UNDECLARED_SELECTOR = YES;
				GCC_WARN_UNINITIALIZED_AUTOS = YES_AGGRESSIVE;
				GCC_WARN_UNUSED_FUNCTION = YES;
				GCC_WARN_UNUSED_VARIABLE = YES;
				IPHONEOS_DEPLOYMENT_TARGET = 16.1;
				MTL_ENABLE_DEBUG_INFO = NO;
				MTL_FAST_MATH = YES;
				SDKROOT = iphoneos;
				SWIFT_COMPILATION_MODE = wholemodule;
				SWIFT_OPTIMIZATION_LEVEL = "-O";
				VALIDATE_PRODUCT = YES;
			};
			name = Release;
		};
		D8D16F462963368A00B32F1D /* Debug */ = {
			isa = XCBuildConfiguration;
			buildSettings = {
				ASSETCATALOG_COMPILER_APPICON_NAME = AppIcon;
				ASSETCATALOG_COMPILER_GLOBAL_ACCENT_COLOR_NAME = AccentColor;
				CODE_SIGN_STYLE = Automatic;
				CURRENT_PROJECT_VERSION = 1;
				DEVELOPMENT_TEAM = Q5CYH8RVUS;
				GENERATE_INFOPLIST_FILE = YES;
				INFOPLIST_FILE = Podcasts/Info.plist;
				INFOPLIST_KEY_UIApplicationSupportsIndirectInputEvents = YES;
				INFOPLIST_KEY_UILaunchStoryboardName = LaunchScreen;
				INFOPLIST_KEY_UIMainStoryboardFile = Main;
				INFOPLIST_KEY_UISupportedInterfaceOrientations = UIInterfaceOrientationPortrait;
				LD_RUNPATH_SEARCH_PATHS = (
					"$(inherited)",
					"@executable_path/Frameworks",
				);
				MARKETING_VERSION = 1.0;
				PRODUCT_BUNDLE_IDENTIFIER = com.joe3524.Podcasts;
				PRODUCT_NAME = "$(TARGET_NAME)";
				SWIFT_EMIT_LOC_STRINGS = YES;
				SWIFT_VERSION = 5.0;
				TARGETED_DEVICE_FAMILY = "1,2";
			};
			name = Debug;
		};
		D8D16F472963368A00B32F1D /* Release */ = {
			isa = XCBuildConfiguration;
			buildSettings = {
				ASSETCATALOG_COMPILER_APPICON_NAME = AppIcon;
				ASSETCATALOG_COMPILER_GLOBAL_ACCENT_COLOR_NAME = AccentColor;
				CODE_SIGN_STYLE = Automatic;
				CURRENT_PROJECT_VERSION = 1;
				DEVELOPMENT_TEAM = Q5CYH8RVUS;
				GENERATE_INFOPLIST_FILE = YES;
				INFOPLIST_FILE = Podcasts/Info.plist;
				INFOPLIST_KEY_UIApplicationSupportsIndirectInputEvents = YES;
				INFOPLIST_KEY_UILaunchStoryboardName = LaunchScreen;
				INFOPLIST_KEY_UIMainStoryboardFile = Main;
				INFOPLIST_KEY_UISupportedInterfaceOrientations = UIInterfaceOrientationPortrait;
				LD_RUNPATH_SEARCH_PATHS = (
					"$(inherited)",
					"@executable_path/Frameworks",
				);
				MARKETING_VERSION = 1.0;
				PRODUCT_BUNDLE_IDENTIFIER = com.joe3524.Podcasts;
				PRODUCT_NAME = "$(TARGET_NAME)";
				SWIFT_EMIT_LOC_STRINGS = YES;
				SWIFT_VERSION = 5.0;
				TARGETED_DEVICE_FAMILY = "1,2";
			};
			name = Release;
		};
/* End XCBuildConfiguration section */

/* Begin XCConfigurationList section */
		D8D16F2C2963368800B32F1D /* Build configuration list for PBXProject "Podcasts" */ = {
			isa = XCConfigurationList;
			buildConfigurations = (
				D8D16F432963368A00B32F1D /* Debug */,
				D8D16F442963368A00B32F1D /* Release */,
			);
			defaultConfigurationIsVisible = 0;
			defaultConfigurationName = Release;
		};
		D8D16F452963368A00B32F1D /* Build configuration list for PBXNativeTarget "Podcasts" */ = {
			isa = XCConfigurationList;
			buildConfigurations = (
				D8D16F462963368A00B32F1D /* Debug */,
				D8D16F472963368A00B32F1D /* Release */,
			);
			defaultConfigurationIsVisible = 0;
			defaultConfigurationName = Release;
		};
/* End XCConfigurationList section */

/* Begin XCRemoteSwiftPackageReference section */
		D855683429644905003A3E0D /* XCRemoteSwiftPackageReference "Alamofire" */ = {
			isa = XCRemoteSwiftPackageReference;
			repositoryURL = "https://github.com/Alamofire/Alamofire.git";
			requirement = {
				kind = upToNextMajorVersion;
				minimumVersion = 5.0.0;
			};
		};
		D861C48B296ABAA700486F57 /* XCRemoteSwiftPackageReference "SDWebImage" */ = {
			isa = XCRemoteSwiftPackageReference;
			repositoryURL = "https://github.com/SDWebImage/SDWebImage.git";
			requirement = {
				kind = upToNextMajorVersion;
				minimumVersion = 5.0.0;
			};
		};
		D861C490296B05BC00486F57 /* XCRemoteSwiftPackageReference "FeedKit" */ = {
			isa = XCRemoteSwiftPackageReference;
			repositoryURL = "https://github.com/nmdias/FeedKit.git";
			requirement = {
				kind = upToNextMajorVersion;
				minimumVersion = 9.0.0;
			};
		};
/* End XCRemoteSwiftPackageReference section */

/* Begin XCSwiftPackageProductDependency section */
		D855683529644905003A3E0D /* Alamofire */ = {
			isa = XCSwiftPackageProductDependency;
			package = D855683429644905003A3E0D /* XCRemoteSwiftPackageReference "Alamofire" */;
			productName = Alamofire;
		};
		D861C48C296ABAA700486F57 /* SDWebImage */ = {
			isa = XCSwiftPackageProductDependency;
			package = D861C48B296ABAA700486F57 /* XCRemoteSwiftPackageReference "SDWebImage" */;
			productName = SDWebImage;
		};
		D861C491296B05BC00486F57 /* FeedKit */ = {
			isa = XCSwiftPackageProductDependency;
			package = D861C490296B05BC00486F57 /* XCRemoteSwiftPackageReference "FeedKit" */;
			productName = FeedKit;
		};
/* End XCSwiftPackageProductDependency section */
	};
	rootObject = D8D16F292963368800B32F1D /* Project object */;
}
